
Microsoft Visual Studio Solution File, Format Version 12.00
# Visual Studio Version 17
VisualStudioVersion = 17.8.34330.188
MinimumVisualStudioVersion = 10.0.40219.1
Project("{9A19103F-16F7-4668-BE54-9A1E7A4F7556}") = "CryptoResearchBot.Core", "CryptoResearchBot.Core\CryptoResearchBot.Core.csproj", "{0FCF3A44-135C-49E9-9D4A-B0C8989B3C3C}"
EndProject
Project("{9A19103F-16F7-4668-BE54-9A1E7A4F7556}") = "CryptoResearchBot.ETH", "CryptoResearchBot.ETH\CryptoResearchBot.ETH.csproj", "{A96F8D2E-2158-4EAC-B321-02568875E8C1}"
EndProject
Project("{9A19103F-16F7-4668-BE54-9A1E7A4F7556}") = "CryptoResearchBot.SOL", "CryptoResearchBot.SOL\CryptoResearchBot.SOL.csproj", "{13EC1D99-2A17-4469-9D33-2E59507BA558}"
EndProject
Global
	GlobalSection(SolutionConfigurationPlatforms) = preSolution
		Debug|Any CPU = Debug|Any CPU
		Release|Any CPU = Release|Any CPU
	EndGlobalSection
	GlobalSection(ProjectConfigurationPlatforms) = postSolution
		{0FCF3A44-135C-49E9-9D4A-B0C8989B3C3C}.Debug|Any CPU.ActiveCfg = Debug|Any CPU
		{0FCF3A44-135C-49E9-9D4A-B0C8989B3C3C}.Debug|Any CPU.Build.0 = Debug|Any CPU
		{0FCF3A44-135C-49E9-9D4A-B0C8989B3C3C}.Release|Any CPU.ActiveCfg = Release|Any CPU
		{0FCF3A44-135C-49E9-9D4A-B0C8989B3C3C}.Release|Any CPU.Build.0 = Release|Any CPU
		{A96F8D2E-2158-4EAC-B321-02568875E8C1}.Debug|Any CPU.ActiveCfg = Debug|Any CPU
		{A96F8D2E-2158-4EAC-B321-02568875E8C1}.Debug|Any CPU.Build.0 = Debug|Any CPU
		{A96F8D2E-2158-4EAC-B321-02568875E8C1}.Release|Any CPU.ActiveCfg = Release|Any CPU
		{A96F8D2E-2158-4EAC-B321-02568875E8C1}.Release|Any CPU.Build.0 = Release|Any CPU
		{13EC1D99-2A17-4469-9D33-2E59507BA558}.Debug|Any CPU.ActiveCfg = Debug|Any CPU
		{13EC1D99-2A17-4469-9D33-2E59507BA558}.Debug|Any CPU.Build.0 = Debug|Any CPU
		{13EC1D99-2A17-4469-9D33-2E59507BA558}.Release|Any CPU.ActiveCfg = Release|Any CPU
		{13EC1D99-2A17-4469-9D33-2E59507BA558}.Release|Any CPU.Build.0 = Release|Any CPU
	EndGlobalSection
	GlobalSection(SolutionProperties) = preSolution
		HideSolutionNode = FALSE
	EndGlobalSection
	GlobalSection(ExtensibilityGlobals) = postSolution
		SolutionGuid = {BE9E9569-19F0-487D-A8D3-2642AB179E27}
	EndGlobalSection
EndGlobal
